
Microsoft Visual Studio Solution File, Format Version 12.00
# Visual Studio 2013
VisualStudioVersion = 12.0.30501.0
MinimumVisualStudioVersion = 10.0.40219.1
Project("{2150E333-8FDC-42A3-9474-1A3956D46DE8}") = ".nuget", ".nuget", "{BC92B7C4-0CC1-4147-A538-9DECD7B66B40}"
	ProjectSection(SolutionItems) = preProject
		.nuget\NuGet.Config = .nuget\NuGet.Config
		.nuget\NuGet.exe = .nuget\NuGet.exe
		.nuget\NuGet.targets = .nuget\NuGet.targets
	EndProjectSection
EndProject
Project("{FAE04EC0-301F-11D3-BF4B-00C04F79EFBC}") = "ResponsivePortal", "ResponsivePortal\ResponsivePortal.csproj", "{F9587FFC-6CE5-451F-99E7-15D0B466E5FE}"
EndProject
Project("{FAE04EC0-301F-11D3-BF4B-00C04F79EFBC}") = "PortalAPI", "..\PortalAPI\PortalAPI.csproj", "{54F2927E-EBDC-469B-BD79-938CC8DB494B}"
EndProject
Project("{FAE04EC0-301F-11D3-BF4B-00C04F79EFBC}") = "KBCommon", "..\Components\KBCommon\KBCommon.csproj", "{E255C0AE-716B-4886-B29B-7FA26D1E42E1}"
EndProject
Project("{2150E333-8FDC-42A3-9474-1A3956D46DE8}") = "IntegrationTests", "IntegrationTests", "{A5926AC4-3DC8-4C9D-A61B-0BEA50DF7E7B}"
EndProject
Project("{2150E333-8FDC-42A3-9474-1A3956D46DE8}") = "UnitTests", "UnitTests", "{E5E5E02E-CE36-4230-9779-92D8921320A4}"
EndProject
Project("{FAE04EC0-301F-11D3-BF4B-00C04F79EFBC}") = "Framework.IntegrationTests", "..\Tests\IntegrationTests\Framework.IntegrationTests\Framework.IntegrationTests.csproj", "{7F685494-5B13-49BB-B72F-CFC16B5F6079}"
EndProject
Project("{FAE04EC0-301F-11D3-BF4B-00C04F79EFBC}") = "ResponsivePortal.UnitTests", "..\Tests\UnitTests\ResponsivePortal.Tests\ResponsivePortal.UnitTests.csproj", "{136994D8-05E9-4C2A-8E8C-0C19911255E2}"
EndProject
Global
	GlobalSection(SolutionConfigurationPlatforms) = preSolution
		Debug|Any CPU = Debug|Any CPU
		Debug|Mixed Platforms = Debug|Mixed Platforms
		Debug|x64 = Debug|x64
		Debug|x86 = Debug|x86
		Release|Any CPU = Release|Any CPU
		Release|Mixed Platforms = Release|Mixed Platforms
		Release|x64 = Release|x64
		Release|x86 = Release|x86
	EndGlobalSection
	GlobalSection(ProjectConfigurationPlatforms) = postSolution
		{F9587FFC-6CE5-451F-99E7-15D0B466E5FE}.Debug|Any CPU.ActiveCfg = Debug|x86
		{F9587FFC-6CE5-451F-99E7-15D0B466E5FE}.Debug|Any CPU.Build.0 = Debug|x86
		{F9587FFC-6CE5-451F-99E7-15D0B466E5FE}.Debug|Mixed Platforms.ActiveCfg = Debug|x86
		{F9587FFC-6CE5-451F-99E7-15D0B466E5FE}.Debug|Mixed Platforms.Build.0 = Debug|x86
		{F9587FFC-6CE5-451F-99E7-15D0B466E5FE}.Debug|x64.ActiveCfg = Debug|Any CPU
		{F9587FFC-6CE5-451F-99E7-15D0B466E5FE}.Debug|x64.Build.0 = Debug|Any CPU
		{F9587FFC-6CE5-451F-99E7-15D0B466E5FE}.Debug|x86.ActiveCfg = Debug|x86
		{F9587FFC-6CE5-451F-99E7-15D0B466E5FE}.Debug|x86.Build.0 = Debug|x86
		{F9587FFC-6CE5-451F-99E7-15D0B466E5FE}.Release|Any CPU.ActiveCfg = Release|Any CPU
		{F9587FFC-6CE5-451F-99E7-15D0B466E5FE}.Release|Any CPU.Build.0 = Release|Any CPU
		{F9587FFC-6CE5-451F-99E7-15D0B466E5FE}.Release|Mixed Platforms.ActiveCfg = Release|x86
		{F9587FFC-6CE5-451F-99E7-15D0B466E5FE}.Release|Mixed Platforms.Build.0 = Release|x86
		{F9587FFC-6CE5-451F-99E7-15D0B466E5FE}.Release|x64.ActiveCfg = Release|Any CPU
		{F9587FFC-6CE5-451F-99E7-15D0B466E5FE}.Release|x86.ActiveCfg = Release|x86
		{54F2927E-EBDC-469B-BD79-938CC8DB494B}.Debug|Any CPU.ActiveCfg = Debug|x86
		{54F2927E-EBDC-469B-BD79-938CC8DB494B}.Debug|Any CPU.Build.0 = Debug|x86
		{54F2927E-EBDC-469B-BD79-938CC8DB494B}.Debug|Mixed Platforms.ActiveCfg = Debug|x86
		{54F2927E-EBDC-469B-BD79-938CC8DB494B}.Debug|Mixed Platforms.Build.0 = Debug|x86
		{54F2927E-EBDC-469B-BD79-938CC8DB494B}.Debug|x64.ActiveCfg = Debug|Any CPU
		{54F2927E-EBDC-469B-BD79-938CC8DB494B}.Debug|x64.Build.0 = Debug|Any CPU
		{54F2927E-EBDC-469B-BD79-938CC8DB494B}.Debug|x86.ActiveCfg = Debug|x86
		{54F2927E-EBDC-469B-BD79-938CC8DB494B}.Debug|x86.Build.0 = Debug|x86
		{54F2927E-EBDC-469B-BD79-938CC8DB494B}.Release|Any CPU.ActiveCfg = Release|Any CPU
		{54F2927E-EBDC-469B-BD79-938CC8DB494B}.Release|Any CPU.Build.0 = Release|Any CPU
		{54F2927E-EBDC-469B-BD79-938CC8DB494B}.Release|Mixed Platforms.ActiveCfg = Release|x86
		{54F2927E-EBDC-469B-BD79-938CC8DB494B}.Release|Mixed Platforms.Build.0 = Release|x86
		{54F2927E-EBDC-469B-BD79-938CC8DB494B}.Release|x64.ActiveCfg = Release|Any CPU
		{54F2927E-EBDC-469B-BD79-938CC8DB494B}.Release|x86.ActiveCfg = Release|x86
		{E255C0AE-716B-4886-B29B-7FA26D1E42E1}.Debug|Any CPU.ActiveCfg = Debug|x86
		{E255C0AE-716B-4886-B29B-7FA26D1E42E1}.Debug|Any CPU.Build.0 = Debug|x86
		{E255C0AE-716B-4886-B29B-7FA26D1E42E1}.Debug|Mixed Platforms.ActiveCfg = Debug|x86
		{E255C0AE-716B-4886-B29B-7FA26D1E42E1}.Debug|Mixed Platforms.Build.0 = Debug|x86
		{E255C0AE-716B-4886-B29B-7FA26D1E42E1}.Debug|x64.ActiveCfg = Debug|Any CPU
		{E255C0AE-716B-4886-B29B-7FA26D1E42E1}.Debug|x64.Build.0 = Debug|Any CPU
		{E255C0AE-716B-4886-B29B-7FA26D1E42E1}.Debug|x86.ActiveCfg = Debug|x86
		{E255C0AE-716B-4886-B29B-7FA26D1E42E1}.Debug|x86.Build.0 = Debug|x86
		{E255C0AE-716B-4886-B29B-7FA26D1E42E1}.Release|Any CPU.ActiveCfg = Release|Any CPU
		{E255C0AE-716B-4886-B29B-7FA26D1E42E1}.Release|Any CPU.Build.0 = Release|Any CPU
		{E255C0AE-716B-4886-B29B-7FA26D1E42E1}.Release|Mixed Platforms.ActiveCfg = Release|x86
		{E255C0AE-716B-4886-B29B-7FA26D1E42E1}.Release|Mixed Platforms.Build.0 = Release|x86
		{E255C0AE-716B-4886-B29B-7FA26D1E42E1}.Release|x64.ActiveCfg = Release|Any CPU
		{E255C0AE-716B-4886-B29B-7FA26D1E42E1}.Release|x86.ActiveCfg = Release|x86
		{7F685494-5B13-49BB-B72F-CFC16B5F6079}.Debug|Any CPU.ActiveCfg = Debug|Any CPU
		{7F685494-5B13-49BB-B72F-CFC16B5F6079}.Debug|Any CPU.Build.0 = Debug|Any CPU
		{7F685494-5B13-49BB-B72F-CFC16B5F6079}.Debug|Mixed Platforms.ActiveCfg = Debug|Any CPU
		{7F685494-5B13-49BB-B72F-CFC16B5F6079}.Debug|Mixed Platforms.Build.0 = Debug|Any CPU
		{7F685494-5B13-49BB-B72F-CFC16B5F6079}.Debug|x64.ActiveCfg = Debug|Any CPU
		{7F685494-5B13-49BB-B72F-CFC16B5F6079}.Debug|x86.ActiveCfg = Debug|Any CPU
		{7F685494-5B13-49BB-B72F-CFC16B5F6079}.Release|Any CPU.ActiveCfg = Release|Any CPU
		{7F685494-5B13-49BB-B72F-CFC16B5F6079}.Release|Any CPU.Build.0 = Release|Any CPU
		{7F685494-5B13-49BB-B72F-CFC16B5F6079}.Release|Mixed Platforms.ActiveCfg = Release|Any CPU
		{7F685494-5B13-49BB-B72F-CFC16B5F6079}.Release|Mixed Platforms.Build.0 = Release|Any CPU
		{7F685494-5B13-49BB-B72F-CFC16B5F6079}.Release|x64.ActiveCfg = Release|Any CPU
		{7F685494-5B13-49BB-B72F-CFC16B5F6079}.Release|x86.ActiveCfg = Release|Any CPU
		{136994D8-05E9-4C2A-8E8C-0C19911255E2}.Debug|Any CPU.ActiveCfg = Debug|Any CPU
		{136994D8-05E9-4C2A-8E8C-0C19911255E2}.Debug|Any CPU.Build.0 = Debug|Any CPU
		{136994D8-05E9-4C2A-8E8C-0C19911255E2}.Debug|Mixed Platforms.ActiveCfg = Debug|x86
		{136994D8-05E9-4C2A-8E8C-0C19911255E2}.Debug|Mixed Platforms.Build.0 = Debug|x86
		{136994D8-05E9-4C2A-8E8C-0C19911255E2}.Debug|x64.ActiveCfg = Debug|x64
		{136994D8-05E9-4C2A-8E8C-0C19911255E2}.Debug|x64.Build.0 = Debug|x64
		{136994D8-05E9-4C2A-8E8C-0C19911255E2}.Debug|x86.ActiveCfg = Debug|x86
		{136994D8-05E9-4C2A-8E8C-0C19911255E2}.Debug|x86.Build.0 = Debug|x86
		{136994D8-05E9-4C2A-8E8C-0C19911255E2}.Release|Any CPU.ActiveCfg = Release|Any CPU
		{136994D8-05E9-4C2A-8E8C-0C19911255E2}.Release|Any CPU.Build.0 = Release|Any CPU
		{136994D8-05E9-4C2A-8E8C-0C19911255E2}.Release|Mixed Platforms.ActiveCfg = Release|x86
		{136994D8-05E9-4C2A-8E8C-0C19911255E2}.Release|Mixed Platforms.Build.0 = Release|x86
		{136994D8-05E9-4C2A-8E8C-0C19911255E2}.Release|x64.ActiveCfg = Release|x64
		{136994D8-05E9-4C2A-8E8C-0C19911255E2}.Release|x64.Build.0 = Release|x64
		{136994D8-05E9-4C2A-8E8C-0C19911255E2}.Release|x86.ActiveCfg = Release|x86
		{136994D8-05E9-4C2A-8E8C-0C19911255E2}.Release|x86.Build.0 = Release|x86
	EndGlobalSection
	GlobalSection(SolutionProperties) = preSolution
		HideSolutionNode = FALSE
	EndGlobalSection
	GlobalSection(NestedProjects) = preSolution
		{7F685494-5B13-49BB-B72F-CFC16B5F6079} = {A5926AC4-3DC8-4C9D-A61B-0BEA50DF7E7B}
		{136994D8-05E9-4C2A-8E8C-0C19911255E2} = {E5E5E02E-CE36-4230-9779-92D8921320A4}
	EndGlobalSection
EndGlobal
